
Microsoft Visual Studio Solution File, Format Version 12.00
# Visual Studio Version 17
VisualStudioVersion = 17.14.37516.0 d17.14
MinimumVisualStudioVersion = 10.0.40219.1
Project("{FAE04EC0-301F-11D3-BF4B-00C04F79EFBC}") = "WebApplication1_roque", "WebApplication1_roque\WebApplication1_roque.csproj", "{84888FE3-B90B-44F1-B46D-76D7557568AD}"
EndProject
Global
	GlobalSection(SolutionConfigurationPlatforms) = preSolution
		Debug|Any CPU = Debug|Any CPU
		Release|Any CPU = Release|Any CPU
	EndGlobalSection
	GlobalSection(ProjectConfigurationPlatforms) = postSolution
		{84888FE3-B90B-44F1-B46D-76D7557568AD}.Debug|Any CPU.ActiveCfg = Debug|Any CPU
		{84888FE3-B90B-44F1-B46D-76D7557568AD}.Debug|Any CPU.Build.0 = Debug|Any CPU
		{84888FE3-B90B-44F1-B46D-76D7557568AD}.Release|Any CPU.ActiveCfg = Release|Any CPU
		{84888FE3-B90B-44F1-B46D-76D7557568AD}.Release|Any CPU.Build.0 = Release|Any CPU
	EndGlobalSection
	GlobalSection(SolutionProperties) = preSolution
		HideSolutionNode = FALSE
	EndGlobalSection
	GlobalSection(ExtensibilityGlobals) = postSolution
		SolutionGuid = {7B9E4345-A5B6-4814-863C-3EB40E956AAA}
	EndGlobalSection
EndGlobal
